// !$*UTF8*$!
{
	archiveVersion = 1;
	classes = {
	};
	objectVersion = 55;
	objects = {

/* Begin PBXBuildFile section */
		00835A62278D7B4300E11106 /* AppDelegate.swift in Sources */ = {isa = PBXBuildFile; fileRef = 00835A61278D7B4300E11106 /* AppDelegate.swift */; };
		00835A64278D7B4300E11106 /* art.scnassets in Resources */ = {isa = PBXBuildFile; fileRef = 00835A63278D7B4300E11106 /* art.scnassets */; };
		00835A66278D7B4300E11106 /* GameViewController.swift in Sources */ = {isa = PBXBuildFile; fileRef = 00835A65278D7B4300E11106 /* GameViewController.swift */; };
		00835A69278D7B4300E11106 /* Main.storyboard in Resources */ = {isa = PBXBuildFile; fileRef = 00835A67278D7B4300E11106 /* Main.storyboard */; };
		00835A6B278D7B4300E11106 /* Assets.xcassets in Resources */ = {isa = PBXBuildFile; fileRef = 00835A6A278D7B4300E11106 /* Assets.xcassets */; };
		00835A6E278D7B4300E11106 /* LaunchScreen.storyboard in Resources */ = {isa = PBXBuildFile; fileRef = 00835A6C278D7B4300E11106 /* LaunchScreen.storyboard */; };
		00835A78278D7B4300E11106 /* LearningSceneKitTests.swift in Sources */ = {isa = PBXBuildFile; fileRef = 00835A77278D7B4300E11106 /* LearningSceneKitTests.swift */; };
		00835A82278D7B4300E11106 /* LearningSceneKitUITests.swift in Sources */ = {isa = PBXBuildFile; fileRef = 00835A81278D7B4300E11106 /* LearningSceneKitUITests.swift */; };
		00835A84278D7B4300E11106 /* LearningSceneKitUITestsLaunchTests.swift in Sources */ = {isa = PBXBuildFile; fileRef = 00835A83278D7B4300E11106 /* LearningSceneKitUITestsLaunchTests.swift */; };
/* End PBXBuildFile section */

/* Begin PBXContainerItemProxy section */
		00835A74278D7B4300E11106 /* PBXContainerItemProxy */ = {
			isa = PBXContainerItemProxy;
			containerPortal = 00835A56278D7B4300E11106 /* Project object */;
			proxyType = 1;
			remoteGlobalIDString = 00835A5D278D7B4300E11106;
			remoteInfo = LearningSceneKit;
		};
		00835A7E278D7B4300E11106 /* PBXContainerItemProxy */ = {
			isa = PBXContainerItemProxy;
			containerPortal = 00835A56278D7B4300E11106 /* Project object */;
			proxyType = 1;
			remoteGlobalIDString = 00835A5D278D7B4300E11106;
			remoteInfo = LearningSceneKit;
		};
/* End PBXContainerItemProxy section */

/* Begin PBXFileReference section */
		00835A5E278D7B4300E11106 /* LearningSceneKit.app */ = {isa = PBXFileReference; explicitFileType = wrapper.application; includeInIndex = 0; path = LearningSceneKit.app; sourceTree = BUILT_PRODUCTS_DIR; };
		00835A61278D7B4300E11106 /* AppDelegate.swift */ = {isa = PBXFileReference; lastKnownFileType = sourcecode.swift; path = AppDelegate.swift; sourceTree = "<group>"; };
		00835A63278D7B4300E11106 /* art.scnassets */ = {isa = PBXFileReference; lastKnownFileType = wrapper.scnassets; path = art.scnassets; sourceTree = "<group>"; };
		00835A65278D7B4300E11106 /* GameViewController.swift */ = {isa = PBXFileReference; lastKnownFileType = sourcecode.swift; path = GameViewController.swift; sourceTree = "<group>"; };
		00835A68278D7B4300E11106 /* Base */ = {isa = PBXFileReference; lastKnownFileType = file.storyboard; name = Base; path = Base.lproj/Main.storyboard; sourceTree = "<group>"; };
		00835A6A278D7B4300E11106 /* Assets.xcassets */ = {isa = PBXFileReference; lastKnownFileType = folder.assetcatalog; path = Assets.xcassets; sourceTree = "<group>"; };
		00835A6D278D7B4300E11106 /* Base */ = {isa = PBXFileReference; lastKnownFileType = file.storyboard; name = Base; path = Base.lproj/LaunchScreen.storyboard; sourceTree = "<group>"; };
		00835A73278D7B4300E11106 /* LearningSceneKitTests.xctest */ = {isa = PBXFileReference; explicitFileType = wrapper.cfbundle; includeInIndex = 0; path = LearningSceneKitTests.xctest; sourceTree = BUILT_PRODUCTS_DIR; };
		00835A77278D7B4300E11106 /* LearningSceneKitTests.swift */ = {isa = PBXFileReference; lastKnownFileType = sourcecode.swift; path = LearningSceneKitTests.swift; sourceTree = "<group>"; };
		00835A7D278D7B4300E11106 /* LearningSceneKitUITests.xctest */ = {isa = PBXFileReference; explicitFileType = wrapper.cfbundle; includeInIndex = 0; path = LearningSceneKitUITests.xctest; sourceTree = BUILT_PRODUCTS_DIR; };
		00835A81278D7B4300E11106 /* LearningSceneKitUITests.swift */ = {isa = PBXFileReference; lastKnownFileType = sourcecode.swift; path = LearningSceneKitUITests.swift; sourceTree = "<group>"; };
		00835A83278D7B4300E11106 /* LearningSceneKitUITestsLaunchTests.swift */ = {isa = PBXFileReference; lastKnownFileType = sourcecode.swift; path = LearningSceneKitUITestsLaunchTests.swift; sourceTree = "<group>"; };
/* End PBXFileReference section */

/* Begin PBXFrameworksBuildPhase section */
		00835A5B278D7B4300E11106 /* Frameworks */ = {
			isa = PBXFrameworksBuildPhase;
			buildActionMask = 2147483647;
			files = (
			);
			runOnlyForDeploymentPostprocessing = 0;
		};
		00835A70278D7B4300E11106 /* Frameworks */ = {
			isa = PBXFrameworksBuildPhase;
			buildActionMask = 2147483647;
			files = (
			);
			runOnlyForDeploymentPostprocessing = 0;
		};
		00835A7A278D7B4300E11106 /* Frameworks */ = {
			isa = PBXFrameworksBuildPhase;
			buildActionMask = 2147483647;
			files = (
			);
			runOnlyForDeploymentPostprocessing = 0;
		};
/* End PBXFrameworksBuildPhase section */

/* Begin PBXGroup section */
		00835A55278D7B4300E11106 = {
			isa = PBXGroup;
			children = (
				00835A60278D7B4300E11106 /* LearningSceneKit */,
				00835A76278D7B4300E11106 /* LearningSceneKitTests */,
				00835A80278D7B4300E11106 /* LearningSceneKitUITests */,
				00835A5F278D7B4300E11106 /* Products */,
			);
			sourceTree = "<group>";
		};
		00835A5F278D7B4300E11106 /* Products */ = {
			isa = PBXGroup;
			children = (
				00835A5E278D7B4300E11106 /* LearningSceneKit.app */,
				00835A73278D7B4300E11106 /* LearningSceneKitTests.xctest */,
				00835A7D278D7B4300E11106 /* LearningSceneKitUITests.xctest */,
			);
			name = Products;
			sourceTree = "<group>";
		};
		00835A60278D7B4300E11106 /* LearningSceneKit */ = {
			isa = PBXGroup;
			children = (
				00835A61278D7B4300E11106 /* AppDelegate.swift */,
				00835A63278D7B4300E11106 /* art.scnassets */,
				00835A65278D7B4300E11106 /* GameViewController.swift */,
				00835A67278D7B4300E11106 /* Main.storyboard */,
				00835A6A278D7B4300E11106 /* Assets.xcassets */,
				00835A6C278D7B4300E11106 /* LaunchScreen.storyboard */,
			);
			path = LearningSceneKit;
			sourceTree = "<group>";
		};
		00835A76278D7B4300E11106 /* LearningSceneKitTests */ = {
			isa = PBXGroup;
			children = (
				00835A77278D7B4300E11106 /* LearningSceneKitTests.swift */,
			);
			path = LearningSceneKitTests;
			sourceTree = "<group>";
		};
		00835A80278D7B4300E11106 /* LearningSceneKitUITests */ = {
			isa = PBXGroup;
			children = (
				00835A81278D7B4300E11106 /* LearningSceneKitUITests.swift */,
				00835A83278D7B4300E11106 /* LearningSceneKitUITestsLaunchTests.swift */,
			);
			path = LearningSceneKitUITests;
			sourceTree = "<group>";
		};
/* End PBXGroup section */

/* Begin PBXNativeTarget section */
		00835A5D278D7B4300E11106 /* LearningSceneKit */ = {
			isa = PBXNativeTarget;
			buildConfigurationList = 00835A87278D7B4300E11106 /* Build configuration list for PBXNativeTarget "LearningSceneKit" */;
			buildPhases = (
				00835A5A278D7B4300E11106 /* Sources */,
				00835A5B278D7B4300E11106 /* Frameworks */,
				00835A5C278D7B4300E11106 /* Resources */,
			);
			buildRules = (
			);
			dependencies = (
			);
			name = LearningSceneKit;
			productName = LearningSceneKit;
			productReference = 00835A5E278D7B4300E11106 /* LearningSceneKit.app */;
			productType = "com.apple.product-type.application";
		};
		00835A72278D7B4300E11106 /* LearningSceneKitTests */ = {
			isa = PBXNativeTarget;
			buildConfigurationList = 00835A8A278D7B4300E11106 /* Build configuration list for PBXNativeTarget "LearningSceneKitTests" */;
			buildPhases = (
				00835A6F278D7B4300E11106 /* Sources */,
				00835A70278D7B4300E11106 /* Frameworks */,
				00835A71278D7B4300E11106 /* Resources */,
			);
			buildRules = (
			);
			dependencies = (
				00835A75278D7B4300E11106 /* PBXTargetDependency */,
			);
			name = LearningSceneKitTests;
			productName = LearningSceneKitTests;
			productReference = 00835A73278D7B4300E11106 /* LearningSceneKitTests.xctest */;
			productType = "com.apple.product-type.bundle.unit-test";
		};
		00835A7C278D7B4300E11106 /* LearningSceneKitUITests */ = {
			isa = PBXNativeTarget;
			buildConfigurationList = 00835A8D278D7B4300E11106 /* Build configuration list for PBXNativeTarget "LearningSceneKitUITests" */;
			buildPhases = (
				00835A79278D7B4300E11106 /* Sources */,
				00835A7A278D7B4300E11106 /* Frameworks */,
				00835A7B278D7B4300E11106 /* Resources */,
			);
			buildRules = (
			);
			dependencies = (
				00835A7F278D7B4300E11106 /* PBXTargetDependency */,
			);
			name = LearningSceneKitUITests;
			productName = LearningSceneKitUITests;
			productReference = 00835A7D278D7B4300E11106 /* LearningSceneKitUITests.xctest */;
			productType = "com.apple.product-type.bundle.ui-testing";
		};
/* End PBXNativeTarget section */

/* Begin PBXProject section */
		00835A56278D7B4300E11106 /* Project object */ = {
			isa = PBXProject;
			attributes = {
				BuildIndependentTargetsInParallel = 1;
				LastSwiftUpdateCheck = 1320;
				LastUpgradeCheck = 1320;
				TargetAttributes = {
					00835A5D278D7B4300E11106 = {
						CreatedOnToolsVersion = 13.2.1;
					};
					00835A72278D7B4300E11106 = {
						CreatedOnToolsVersion = 13.2.1;
						TestTargetID = 00835A5D278D7B4300E11106;
					};
					00835A7C278D7B4300E11106 = {
						CreatedOnToolsVersion = 13.2.1;
						TestTargetID = 00835A5D278D7B4300E11106;
					};
				};
			};
			buildConfigurationList = 00835A59278D7B4300E11106 /* Build configuration list for PBXProject "LearningSceneKit" */;
			compatibilityVersion = "Xcode 13.0";
			developmentRegion = en;
			hasScannedForEncodings = 0;
			knownRegions = (
				en,
				Base,
			);
			mainGroup = 00835A55278D7B4300E11106;
			productRefGroup = 00835A5F278D7B4300E11106 /* Products */;
			projectDirPath = "";
			projectRoot = "";
			targets = (
				00835A5D278D7B4300E11106 /* LearningSceneKit */,
				00835A72278D7B4300E11106 /* LearningSceneKitTests */,
				00835A7C278D7B4300E11106 /* LearningSceneKitUITests */,
			);
		};
/* End PBXProject section */

/* Begin PBXResourcesBuildPhase section */
		00835A5C278D7B4300E11106 /* Resources */ = {
			isa = PBXResourcesBuildPhase;
			buildActionMask = 2147483647;
			files = (
				00835A64278D7B4300E11106 /* art.scnassets in Resources */,
				00835A6E278D7B4300E11106 /* LaunchScreen.storyboard in Resources */,
				00835A6B278D7B4300E11106 /* Assets.xcassets in Resources */,
				00835A69278D7B4300E11106 /* Main.storyboard in Resources */,
			);
			runOnlyForDeploymentPostprocessing = 0;
		};
		00835A71278D7B4300E11106 /* Resources */ = {
			isa = PBXResourcesBuildPhase;
			buildActionMask = 2147483647;
			files = (
			);
			runOnlyForDeploymentPostprocessing = 0;
		};
		00835A7B278D7B4300E11106 /* Resources */ = {
			isa = PBXResourcesBuildPhase;
			buildActionMask = 2147483647;
			files = (
			);
			runOnlyForDeploymentPostprocessing = 0;
		};
/* End PBXResourcesBuildPhase section */

/* Begin PBXSourcesBuildPhase section */
		00835A5A278D7B4300E11106 /* Sources */ = {
			isa = PBXSourcesBuildPhase;
			buildActionMask = 2147483647;
			files = (
				00835A66278D7B4300E11106 /* GameViewController.swift in Sources */,
				00835A62278D7B4300E11106 /* AppDelegate.swift in Sources */,
			);
			runOnlyForDeploymentPostprocessing = 0;
		};
		00835A6F278D7B4300E11106 /* Sources */ = {
			isa = PBXSourcesBuildPhase;
			buildActionMask = 2147483647;
			files = (
				00835A78278D7B4300E11106 /* LearningSceneKitTests.swift in Sources */,
			);
			runOnlyForDeploymentPostprocessing = 0;
		};
		00835A79278D7B4300E11106 /* Sources */ = {
			isa = PBXSourcesBuildPhase;
			buildActionMask = 2147483647;
			files = (
				00835A84278D7B4300E11106 /* LearningSceneKitUITestsLaunchTests.swift in Sources */,
				00835A82278D7B4300E11106 /* LearningSceneKitUITests.swift in Sources */,
			);
			runOnlyForDeploymentPostprocessing = 0;
		};
/* End PBXSourcesBuildPhase section */

/* Begin PBXTargetDependency section */
		00835A75278D7B4300E11106 /* PBXTargetDependency */ = {
			isa = PBXTargetDependency;
			target = 00835A5D278D7B4300E11106 /* LearningSceneKit */;
			targetProxy = 00835A74278D7B4300E11106 /* PBXContainerItemProxy */;
		};
		00835A7F278D7B4300E11106 /* PBXTargetDependency */ = {
			isa = PBXTargetDependency;
			target = 00835A5D278D7B4300E11106 /* LearningSceneKit */;
			targetProxy = 00835A7E278D7B4300E11106 /* PBXContainerItemProxy */;
		};
/* End PBXTargetDependency section */

/* Begin PBXVariantGroup section */
		00835A67278D7B4300E11106 /* Main.storyboard */ = {
			isa = PBXVariantGroup;
			children = (
				00835A68278D7B4300E11106 /* Base */,
			);
			name = Main.storyboard;
			sourceTree = "<group>";
		};
		00835A6C278D7B4300E11106 /* LaunchScreen.storyboard */ = {
			isa = PBXVariantGroup;
			children = (
				00835A6D278D7B4300E11106 /* Base */,
			);
			name = LaunchScreen.storyboard;
			sourceTree = "<group>";
		};
/* End PBXVariantGroup section */

/* Begin XCBuildConfiguration section */
		00835A85278D7B4300E11106 /* Debug */ = {
			isa = XCBuildConfiguration;
			buildSettings = {
				ALWAYS_SEARCH_USER_PATHS = NO;
				CLANG_ANALYZER_NONNULL = YES;
				CLANG_ANALYZER_NUMBER_OBJECT_CONVERSION = YES_AGGRESSIVE;
				CLANG_CXX_LANGUAGE_STANDARD = "gnu++17";
				CLANG_CXX_LIBRARY = "libc++";
				CLANG_ENABLE_MODULES = YES;
				CLANG_ENABLE_OBJC_ARC = YES;
				CLANG_ENABLE_OBJC_WEAK = YES;
				CLANG_WARN_BLOCK_CAPTURE_AUTORELEASING = YES;
				CLANG_WARN_BOOL_CONVERSION = YES;
				CLANG_WARN_COMMA = YES;
				CLANG_WARN_CONSTANT_CONVERSION = YES;
				CLANG_WARN_DEPRECATED_OBJC_IMPLEMENTATIONS = YES;
				CLANG_WARN_DIRECT_OBJC_ISA_USAGE = YES_ERROR;
				CLANG_WARN_DOCUMENTATION_COMMENTS = YES;
				CLANG_WARN_EMPTY_BODY = YES;
				CLANG_WARN_ENUM_CONVERSION = YES;
				CLANG_WARN_INFINITE_RECURSION = YES;
				CLANG_WARN_INT_CONVERSION = YES;
				CLANG_WARN_NON_LITERAL_NULL_CONVERSION = YES;
				CLANG_WARN_OBJC_IMPLICIT_RETAIN_SELF = YES;
				CLANG_WARN_OBJC_LITERAL_CONVERSION = YES;
				CLANG_WARN_OBJC_ROOT_CLASS = YES_ERROR;
				CLANG_WARN_QUOTED_INCLUDE_IN_FRAMEWORK_HEADER = YES;
				CLANG_WARN_RANGE_LOOP_ANALYSIS = YES;
				CLANG_WARN_STRICT_PROTOTYPES = YES;
				CLANG_WARN_SUSPICIOUS_MOVE = YES;
				CLANG_WARN_UNGUARDED_AVAILABILITY = YES_AGGRESSIVE;
				CLANG_WARN_UNREACHABLE_CODE = YES;
				CLANG_WARN__DUPLICATE_METHOD_MATCH = YES;
				COPY_PHASE_STRIP = NO;
				DEBUG_INFORMATION_FORMAT = dwarf;
				ENABLE_STRICT_OBJC_MSGSEND = YES;
				ENABLE_TESTABILITY = YES;
				GCC_C_LANGUAGE_STANDARD = gnu11;
				GCC_DYNAMIC_NO_PIC = NO;
				GCC_NO_COMMON_BLOCKS = YES;
				GCC_OPTIMIZATION_LEVEL = 0;
				GCC_PREPROCESSOR_DEFINITIONS = (
					"DEBUG=1",
					"$(inherited)",
				);
				GCC_WARN_64_TO_32_BIT_CONVERSION = YES;
				GCC_WARN_ABOUT_RETURN_TYPE = YES_ERROR;
				GCC_WARN_UNDECLARED_SELECTOR = YES;
				GCC_WARN_UNINITIALIZED_AUTOS = YES_AGGRESSIVE;
				GCC_WARN_UNUSED_FUNCTION = YES;
				GCC_WARN_UNUSED_VARIABLE = YES;
				IPHONEOS_DEPLOYMENT_TARGET = 15.2;
				MTL_ENABLE_DEBUG_INFO = INCLUDE_SOURCE;
				MTL_FAST_MATH = YES;
				ONLY_ACTIVE_ARCH = YES;
				SDKROOT = iphoneos;
				SWIFT_ACTIVE_COMPILATION_CONDITIONS = DEBUG;
				SWIFT_OPTIMIZATION_LEVEL = "-Onone";
			};
			name = Debug;
		};
		00835A86278D7B4300E11106 /* Release */ = {
			isa = XCBuildConfiguration;
			buildSettings = {
				ALWAYS_SEARCH_USER_PATHS = NO;
				CLANG_ANALYZER_NONNULL = YES;
				CLANG_ANALYZER_NUMBER_OBJECT_CONVERSION = YES_AGGRESSIVE;
				CLANG_CXX_LANGUAGE_STANDARD = "gnu++17";
				CLANG_CXX_LIBRARY = "libc++";
				CLANG_ENABLE_MODULES = YES;
				CLANG_ENABLE_OBJC_ARC = YES;
				CLANG_ENABLE_OBJC_WEAK = YES;
				CLANG_WARN_BLOCK_CAPTURE_AUTORELEASING = YES;
				CLANG_WARN_BOOL_CONVERSION = YES;
				CLANG_WARN_COMMA = YES;
				CLANG_WARN_CONSTANT_CONVERSION = YES;
				CLANG_WARN_DEPRECATED_OBJC_IMPLEMENTATIONS = YES;
				CLANG_WARN_DIRECT_OBJC_ISA_USAGE = YES_ERROR;
				CLANG_WARN_DOCUMENTATION_COMMENTS = YES;
				CLANG_WARN_EMPTY_BODY = YES;
				CLANG_WARN_ENUM_CONVERSION = YES;
				CLANG_WARN_INFINITE_RECURSION = YES;
				CLANG_WARN_INT_CONVERSION = YES;
				CLANG_WARN_NON_LITERAL_NULL_CONVERSION = YES;
				CLANG_WARN_OBJC_IMPLICIT_RETAIN_SELF = YES;
				CLANG_WARN_OBJC_LITERAL_CONVERSION = YES;
				CLANG_WARN_OBJC_ROOT_CLASS = YES_ERROR;
				CLANG_WARN_QUOTED_INCLUDE_IN_FRAMEWORK_HEADER = YES;
				CLANG_WARN_RANGE_LOOP_ANALYSIS = YES;
				CLANG_WARN_STRICT_PROTOTYPES = YES;
				CLANG_WARN_SUSPICIOUS_MOVE = YES;
				CLANG_WARN_UNGUARDED_AVAILABILITY = YES_AGGRESSIVE;
				CLANG_WARN_UNREACHABLE_CODE = YES;
				CLANG_WARN__DUPLICATE_METHOD_MATCH = YES;
				COPY_PHASE_STRIP = NO;
				DEBUG_INFORMATION_FORMAT = "dwarf-with-dsym";
				ENABLE_NS_ASSERTIONS = NO;
				ENABLE_STRICT_OBJC_MSGSEND = YES;
				GCC_C_LANGUAGE_STANDARD = gnu11;
				GCC_NO_COMMON_BLOCKS = YES;
				GCC_WARN_64_TO_32_BIT_CONVERSION = YES;
				GCC_WARN_ABOUT_RETURN_TYPE = YES_ERROR;
				GCC_WARN_UNDECLARED_SELECTOR = YES;
				GCC_WARN_UNINITIALIZED_AUTOS = YES_AGGRESSIVE;
				GCC_WARN_UNUSED_FUNCTION = YES;
				GCC_WARN_UNUSED_VARIABLE = YES;
				IPHONEOS_DEPLOYMENT_TARGET = 15.2;
				MTL_ENABLE_DEBUG_INFO = NO;
				MTL_FAST_MATH = YES;
				SDKROOT = iphoneos;
				SWIFT_COMPILATION_MODE = wholemodule;
				SWIFT_OPTIMIZATION_LEVEL = "-O";
				VALIDATE_PRODUCT = YES;
			};
			name = Release;
		};
		00835A88278D7B4300E11106 /* Debug */ = {
			isa = XCBuildConfiguration;
			buildSettings = {
				ASSETCATALOG_COMPILER_APPICON_NAME = AppIcon;
				ASSETCATALOG_COMPILER_GLOBAL_ACCENT_COLOR_NAME = AccentColor;
				CODE_SIGN_STYLE = Automatic;
				CURRENT_PROJECT_VERSION = 1;
				DEVELOPMENT_TEAM = 3B48J2ZTFQ;
				GENERATE_INFOPLIST_FILE = YES;
				INFOPLIST_KEY_UIApplicationSupportsIndirectInputEvents = YES;
				INFOPLIST_KEY_UILaunchStoryboardName = LaunchScreen;
				INFOPLIST_KEY_UIMainStoryboardFile = Main;
				INFOPLIST_KEY_UIStatusBarHidden = YES;
				INFOPLIST_KEY_UISupportedInterfaceOrientations_iPad = "UIInterfaceOrientationPortrait UIInterfaceOrientationPortraitUpsideDown UIInterfaceOrientationLandscapeLeft UIInterfaceOrientationLandscapeRight";
				INFOPLIST_KEY_UISupportedInterfaceOrientations_iPhone = "UIInterfaceOrientationPortrait UIInterfaceOrientationLandscapeLeft UIInterfaceOrientationLandscapeRight";
				LD_RUNPATH_SEARCH_PATHS = (
					"$(inherited)",
					"@executable_path/Frameworks",
				);
				MARKETING_VERSION = 1.0;
				PRODUCT_BUNDLE_IDENTIFIER = com.bea.scenekit.LearningSceneKit;
				PRODUCT_NAME = "$(TARGET_NAME)";
				SWIFT_EMIT_LOC_STRINGS = YES;
				SWIFT_VERSION = 5.0;
				TARGETED_DEVICE_FAMILY = "1,2";
			};
			name = Debug;
		};
		00835A89278D7B4300E11106 /* Release */ = {
			isa = XCBuildConfiguration;
			buildSettings = {
				ASSETCATALOG_COMPILER_APPICON_NAME = AppIcon;
				ASSETCATALOG_COMPILER_GLOBAL_ACCENT_COLOR_NAME = AccentColor;
				CODE_SIGN_STYLE = Automatic;
				CURRENT_PROJECT_VERSION = 1;
				DEVELOPMENT_TEAM = 3B48J2ZTFQ;
				GENERATE_INFOPLIST_FILE = YES;
				INFOPLIST_KEY_UIApplicationSupportsIndirectInputEvents = YES;
				INFOPLIST_KEY_UILaunchStoryboardName = LaunchScreen;
				INFOPLIST_KEY_UIMainStoryboardFile = Main;
				INFOPLIST_KEY_UIStatusBarHidden = YES;
				INFOPLIST_KEY_UISupportedInterfaceOrientations_iPad = "UIInterfaceOrientationPortrait UIInterfaceOrientationPortraitUpsideDown UIInterfaceOrientationLandscapeLeft UIInterfaceOrientationLandscapeRight";
				INFOPLIST_KEY_UISupportedInterfaceOrientations_iPhone = "UIInterfaceOrientationPortrait UIInterfaceOrientationLandscapeLeft UIInterfaceOrientationLandscapeRight";
				LD_RUNPATH_SEARCH_PATHS = (
					"$(inherited)",
					"@executable_path/Frameworks",
				);
				MARKETING_VERSION = 1.0;
				PRODUCT_BUNDLE_IDENTIFIER = com.bea.scenekit.LearningSceneKit;
				PRODUCT_NAME = "$(TARGET_NAME)";
				SWIFT_EMIT_LOC_STRINGS = YES;
				SWIFT_VERSION = 5.0;
				TARGETED_DEVICE_FAMILY = "1,2";
			};
			name = Release;
		};
		00835A8B278D7B4300E11106 /* Debug */ = {
			isa = XCBuildConfiguration;
			buildSettings = {
				ALWAYS_EMBED_SWIFT_STANDARD_LIBRARIES = YES;
				BUNDLE_LOADER = "$(TEST_HOST)";
				CODE_SIGN_STYLE = Automatic;
				CURRENT_PROJECT_VERSION = 1;
				DEVELOPMENT_TEAM = 3B48J2ZTFQ;
				GENERATE_INFOPLIST_FILE = YES;
				IPHONEOS_DEPLOYMENT_TARGET = 15.2;
				MARKETING_VERSION = 1.0;
				PRODUCT_BUNDLE_IDENTIFIER = com.bea.scenekit.LearningSceneKitTests;
				PRODUCT_NAME = "$(TARGET_NAME)";
				SWIFT_EMIT_LOC_STRINGS = NO;
				SWIFT_VERSION = 5.0;
				TARGETED_DEVICE_FAMILY = "1,2";
				TEST_HOST = "$(BUILT_PRODUCTS_DIR)/LearningSceneKit.app/LearningSceneKit";
			};
			name = Debug;
		};
		00835A8C278D7B4300E11106 /* Release */ = {
			isa = XCBuildConfiguration;
			buildSettings = {
				ALWAYS_EMBED_SWIFT_STANDARD_LIBRARIES = YES;
				BUNDLE_LOADER = "$(TEST_HOST)";
				CODE_SIGN_STYLE = Automatic;
				CURRENT_PROJECT_VERSION = 1;
				DEVELOPMENT_TEAM = 3B48J2ZTFQ;
				GENERATE_INFOPLIST_FILE = YES;
				IPHONEOS_DEPLOYMENT_TARGET = 15.2;
				MARKETING_VERSION = 1.0;
				PRODUCT_BUNDLE_IDENTIFIER = com.bea.scenekit.LearningSceneKitTests;
				PRODUCT_NAME = "$(TARGET_NAME)";
				SWIFT_EMIT_LOC_STRINGS = NO;
				SWIFT_VERSION = 5.0;
				TARGETED_DEVICE_FAMILY = "1,2";
				TEST_HOST = "$(BUILT_PRODUCTS_DIR)/LearningSceneKit.app/LearningSceneKit";
			};
			name = Release;
		};
		00835A8E278D7B4300E11106 /* Debug */ = {
			isa = XCBuildConfiguration;
			buildSettings = {
				ALWAYS_EMBED_SWIFT_STANDARD_LIBRARIES = YES;
				CODE_SIGN_STYLE = Automatic;
				CURRENT_PROJECT_VERSION = 1;
				DEVELOPMENT_TEAM = 3B48J2ZTFQ;
				GENERATE_INFOPLIST_FILE = YES;
				MARKETING_VERSION = 1.0;
				PRODUCT_BUNDLE_IDENTIFIER = com.bea.scenekit.LearningSceneKitUITests;
				PRODUCT_NAME = "$(TARGET_NAME)";
				SWIFT_EMIT_LOC_STRINGS = NO;
				SWIFT_VERSION = 5.0;
				TARGETED_DEVICE_FAMILY = "1,2";
				TEST_TARGET_NAME = LearningSceneKit;
			};
			name = Debug;
		};
		00835A8F278D7B4300E11106 /* Release */ = {
			isa = XCBuildConfiguration;
			buildSettings = {
				ALWAYS_EMBED_SWIFT_STANDARD_LIBRARIES = YES;
				CODE_SIGN_STYLE = Automatic;
				CURRENT_PROJECT_VERSION = 1;
				DEVELOPMENT_TEAM = 3B48J2ZTFQ;
				GENERATE_INFOPLIST_FILE = YES;
				MARKETING_VERSION = 1.0;
				PRODUCT_BUNDLE_IDENTIFIER = com.bea.scenekit.LearningSceneKitUITests;
				PRODUCT_NAME = "$(TARGET_NAME)";
				SWIFT_EMIT_LOC_STRINGS = NO;
				SWIFT_VERSION = 5.0;
				TARGETED_DEVICE_FAMILY = "1,2";
				TEST_TARGET_NAME = LearningSceneKit;
			};
			name = Release;
		};
/* End XCBuildConfiguration section */

/* Begin XCConfigurationList section */
		00835A59278D7B4300E11106 /* Build configuration list for PBXProject "LearningSceneKit" */ = {
			isa = XCConfigurationList;
			buildConfigurations = (
				00835A85278D7B4300E11106 /* Debug */,
				00835A86278D7B4300E11106 /* Release */,
			);
			defaultConfigurationIsVisible = 0;
			defaultConfigurationName = Release;
		};
		00835A87278D7B4300E11106 /* Build configuration list for PBXNativeTarget "LearningSceneKit" */ = {
			isa = XCConfigurationList;
			buildConfigurations = (
				00835A88278D7B4300E11106 /* Debug */,
				00835A89278D7B4300E11106 /* Release */,
			);
			defaultConfigurationIsVisible = 0;
			defaultConfigurationName = Release;
		};
		00835A8A278D7B4300E11106 /* Build configuration list for PBXNativeTarget "LearningSceneKitTests" */ = {
			isa = XCConfigurationList;
			buildConfigurations = (
				00835A8B278D7B4300E11106 /* Debug */,
				00835A8C278D7B4300E11106 /* Release */,
			);
			defaultConfigurationIsVisible = 0;
			defaultConfigurationName = Release;
		};
		00835A8D278D7B4300E11106 /* Build configuration list for PBXNativeTarget "LearningSceneKitUITests" */ = {
			isa = XCConfigurationList;
			buildConfigurations = (
				00835A8E278D7B4300E11106 /* Debug */,
				00835A8F278D7B4300E11106 /* Release */,
			);
			defaultConfigurationIsVisible = 0;
			defaultConfigurationName = Release;
		};
/* End XCConfigurationList section */
	};
	rootObject = 00835A56278D7B4300E11106 /* Project object */;
}
